{
    "hash": "3a0cc2b4551fdd77c4752dc924f75432",
    "packages": [
        {
            "name": "chrisboulton/php-resque",
            "version": "1.2",
            "source": {
                "type": "git",
                "url": "https://github.com/chrisboulton/php-resque.git",
                "reference": "1.2"
            },
            "dist": {
                "type": "zip",
                "url": "https://github.com/chrisboulton/php-resque/zipball/1.2",
                "reference": "1.2",
                "shasum": ""
            },
            "require": {
                "php": ">=5.3.0"
            },
            "time": "2012-10-13 00:23:06",
            "type": "library",
            "installation-source": "dist",
            "autoload": {
                "psr-0": {
                    "Resque": "lib"
                }
            },
            "license": [
                "MIT"
            ],
            "authors": [
                {
                    "name": "Chris Boulton",
                    "email": "chris@bigcommerce.com"
                }
            ],
            "description": "Redis backed library for creating background jobs and processing them later. Based on resque for Ruby.",
            "homepage": "http://www.github.com/chrisboulton/php-resque/",
            "keywords": [
                "redis",
                "background",
                "resque",
                "job"
            ]
        }
    ],
    "packages-dev": null,
    "aliases": [

    ],
    "minimum-stability": "stable",
    "stability-flags": [

    ]
}
