{
    "_readme": [
        "This file locks the dependencies of your project to a known state",
        "Read more about it at http://getcomposer.org/doc/01-basic-usage.md#composer-lock-the-lock-file"
    ],
    "hash": "27a9fd4512e8f4bda049d4c4015f7d8e",
    "packages": [
        {
            "name": "chrisboulton/php-resque",
            "version": "1.2",
            "source": {
                "type": "git",
                "url": "https://github.com/chrisboulton/php-resque.git",
                "reference": "1.2"
            },
            "dist": {
                "type": "zip",
                "url": "https://github.com/chrisboulton/php-resque/zipball/1.2",
                "reference": "1.2",
                "shasum": ""
            },
            "require": {
                "php": ">=5.3.0"
            },
            "type": "library",
            "autoload": {
                "psr-0": {
                    "Resque": "lib"
                }
            },
            "notification-url": "http://packagist.org/downloads/",
            "license": [
                "MIT"
            ],
            "authors": [
                {
                    "name": "Chris Boulton",
                    "email": "chris@bigcommerce.com"
                }
            ],
            "description": "Redis backed library for creating background jobs and processing them later. Based on resque for Ruby.",
            "homepage": "http://www.github.com/chrisboulton/php-resque/",
            "keywords": [
                "background",
                "job",
                "redis",
                "resque"
            ],
            "time": "2012-10-13 00:23:06"
        },
        {
            "name": "composer/installers",
            "version": "dev-master",
            "source": {
                "type": "git",
                "url": "https://github.com/composer/installers.git",
                "reference": "34bd8e879adc82fac26eb2c7551a03e04f9b7e3a"
            },
            "dist": {
                "type": "zip",
                "url": "https://api.github.com/repos/composer/installers/zipball/34bd8e879adc82fac26eb2c7551a03e04f9b7e3a",
                "reference": "34bd8e879adc82fac26eb2c7551a03e04f9b7e3a",
                "shasum": ""
            },
            "replace": {
                "shama/baton": "*"
            },
            "require-dev": {
                "composer/composer": "1.0.*@dev",
                "phpunit/phpunit": "3.7.*"
            },
            "type": "composer-installer",
            "extra": {
                "class": "Composer\\Installers\\Installer",
                "branch-alias": {
                    "dev-master": "1.0-dev"
                }
            },
            "autoload": {
                "psr-0": {
                    "Composer\\Installers\\": "src/"
                }
            },
            "notification-url": "https://packagist.org/downloads/",
            "license": [
                "MIT"
            ],
            "authors": [
                {
                    "name": "Kyle Robinson Young",
                    "email": "kyle@dontkry.com",
                    "homepage": "https://github.com/shama",
                    "role": "Developer"
                }
            ],
            "description": "A multi-framework Composer library installer",
            "homepage": "http://composer.github.com/installers/",
            "keywords": [
                "TYPO3 Flow",
                "TYPO3 Neos",
                "agl",
                "cakephp",
                "codeigniter",
                "drupal",
                "fuelphp",
                "installer",
                "joomla",
                "kohana",
                "laravel",
                "li3",
                "lithium",
                "mako",
                "modulework",
                "phpbb",
                "ppi",
                "silverstripe",
                "symfony",
                "wordpress",
                "zend"
            ],
            "time": "2013-06-29 16:45:39"
        },
        {
            "name": "cwp/deploynaut-api",
            "version": "dev-master",
            "source": {
                "type": "git",
                "url": "https://gitlab.cwp.govt.nz/silverstripe/deploynaut-api.git",
                "reference": "135e476a4eee7641308d85f2943ca047f7056369"
            },
            "type": "silverstripe-module",
            "description": "CWP Deploynaut API",
            "time": "2013-06-05 22:56:08"
        },
        {
            "name": "gitonomy/gitlib",
            "version": "dev-master",
            "source": {
                "type": "git",
                "url": "https://github.com/gitonomy/gitlib.git",
                "reference": "3db67195f6aef1942e6e39b33bda191a1f21b057"
            },
            "dist": {
                "type": "zip",
                "url": "https://api.github.com/repos/gitonomy/gitlib/zipball/3db67195f6aef1942e6e39b33bda191a1f21b057",
                "reference": "3db67195f6aef1942e6e39b33bda191a1f21b057",
                "shasum": ""
            },
            "require": {
                "symfony/process": "<3"
            },
            "require-dev": {
                "psr/log": ">=1.0,<2.0"
            },
            "suggest": {
                "psr/log": "Add some log"
            },
            "type": "library",
            "autoload": {
                "psr-0": {
                    "Gitonomy\\Git": [
                        "src/",
                        "tests/"
                    ]
                }
            },
            "notification-url": "https://packagist.org/downloads/",
            "license": [
                "MIT"
            ],
            "authors": [
                {
                    "name": "Alexandre Salomé",
                    "email": "alexandre.salome@gmail.com",
                    "homepage": "http://alexandre-salome.fr"
                },
                {
                    "name": "Julien DIDIER",
                    "email": "genzo.wm@gmail.com",
                    "homepage": "http://www.jdidier.net"
                }
            ],
            "description": "Library for accessing git",
            "homepage": "http://gitonomy.com",
            "time": "2013-06-22 07:27:58"
        },
        {
            "name": "silverstripe/framework",
            "version": "3.1.x-dev",
            "source": {
                "type": "git",
                "url": "https://github.com/silverstripe/silverstripe-framework.git",
                "reference": "10b55170ea6f2e90feb0a4d17a22800ee11d14c9"
            },
            "dist": {
                "type": "zip",
                "url": "https://api.github.com/repos/silverstripe/silverstripe-framework/zipball/10b55170ea6f2e90feb0a4d17a22800ee11d14c9",
                "reference": "10b55170ea6f2e90feb0a4d17a22800ee11d14c9",
                "shasum": ""
            },
            "require": {
                "composer/installers": "*",
                "php": ">=5.3.2"
            },
            "type": "silverstripe-module",
            "autoload": {
                "classmap": [
                    "tests/behat/features/bootstrap"
                ]
            },
            "notification-url": "https://packagist.org/downloads/",
            "license": [
                "BSD-3-Clause"
            ],
            "authors": [
                {
                    "name": "SilverStripe",
                    "homepage": "http://silverstripe.com"
                },
                {
                    "name": "The SilverStripe Community",
                    "homepage": "http://silverstripe.org"
                }
            ],
            "description": "The SilverStripe framework",
            "homepage": "http://silverstripe.org",
            "keywords": [
                "framework",
                "silverstripe"
            ],
            "time": "2013-07-07 21:01:40"
        },
        {
            "name": "stojg/silverstripe-resque",
            "version": "dev-master",
            "source": {
                "type": "git",
                "url": "https://github.com/stojg/silverstripe-resque.git",
                "reference": "feacb9d4b7df8cd8e8612463edeb3ca968e9106f"
            },
            "dist": {
                "type": "zip",
                "url": "https://api.github.com/repos/stojg/silverstripe-resque/zipball/feacb9d4b7df8cd8e8612463edeb3ca968e9106f",
                "reference": "feacb9d4b7df8cd8e8612463edeb3ca968e9106f",
                "shasum": ""
            },
            "require": {
                "chrisboulton/php-resque": ">=1.2"
            },
            "type": "silverstripe-module",
            "notification-url": "http://packagist.org/downloads/",
            "license": [
                "BSD"
            ],
            "authors": [
                {
                    "name": "Stig Lindqvist",
                    "email": "stojg.lindqvist@gmail.com",
                    "homepage": "https://stojg.se/"
                }
            ],
            "description": "Wraps around the resque code for background jobss",
            "homepage": "http://github.com/stojg/silverstripe-resque",
            "keywords": [
                "redis",
                "silverstripe"
            ],
            "time": "2013-03-20 20:10:57"
        },
        {
            "name": "symfony/process",
            "version": "dev-master",
            "target-dir": "Symfony/Component/Process",
            "source": {
                "type": "git",
                "url": "https://github.com/symfony/Process.git",
                "reference": "f3f84fec23ce3ff7d0510c308c7842729cb0ba8c"
            },
            "dist": {
                "type": "zip",
                "url": "https://api.github.com/repos/symfony/Process/zipball/f3f84fec23ce3ff7d0510c308c7842729cb0ba8c",
                "reference": "f3f84fec23ce3ff7d0510c308c7842729cb0ba8c",
                "shasum": ""
            },
            "require": {
                "php": ">=5.3.3"
            },
            "type": "library",
            "extra": {
                "branch-alias": {
                    "dev-master": "2.4-dev"
                }
            },
            "autoload": {
                "psr-0": {
                    "Symfony\\Component\\Process\\": ""
                }
            },
            "notification-url": "https://packagist.org/downloads/",
            "license": [
                "MIT"
            ],
            "authors": [
                {
                    "name": "Fabien Potencier",
                    "email": "fabien@symfony.com"
                },
                {
                    "name": "Symfony Community",
                    "homepage": "http://symfony.com/contributors"
                }
            ],
            "description": "Symfony Process Component",
            "homepage": "http://symfony.com",
            "time": "2013-06-23 08:16:33"
        }
    ],
    "packages-dev": null,
    "aliases": [

    ],
    "minimum-stability": "dev",
    "stability-flags": {
        "phpunit/phpunit": 0
    },
    "platform": {
        "php": ">=5.3.2"
    },
    "platform-dev": [

    ]
}
