{
    "hash": "4d229a947ded541d4a60d66658b9a484",
    "packages": [
        {
            "name": "chrisboulton/php-resque",
            "version": "dev-master",
            "source": {
                "type": "git",
                "url": "https://github.com/chrisboulton/php-resque.git",
                "reference": "cd85e8be852d6ea33e26668b9e55218d2492e91a"
            },
            "dist": {
                "type": "zip",
                "url": "https://api.github.com/repos/chrisboulton/php-resque/zipball/cd85e8be852d6ea33e26668b9e55218d2492e91a",
                "reference": "cd85e8be852d6ea33e26668b9e55218d2492e91a",
                "shasum": ""
            },
            "require": {
                "colinmollenhour/credis": "dev-master",
                "php": ">=5.3.0"
            },
            "require-dev": {
                "phpunit/phpunit": "3.7.*"
            },
            "suggest": {
                "ext-proctitle": "Allows php-resque to rename the title of UNIX processes to show the status of a worker.",
                "ext-redis": "Native PHP extension for Redis connectivity. Credis will automatically utilize when available."
            },
            "time": "2013-03-07 03:56:25",
            "bin": [
                "bin/resque"
            ],
            "type": "library",
            "autoload": {
                "psr-0": {
                    "Resque": "lib"
                }
            },
            "notification-url": "https://packagist.org/downloads/",
            "license": [
                "MIT"
            ],
            "authors": [
                {
                    "name": "Chris Boulton",
                    "email": "chris@bigcommerce.com"
                }
            ],
            "description": "Redis backed library for creating background jobs and processing them later. Based on resque for Ruby.",
            "homepage": "http://www.github.com/chrisboulton/php-resque/",
            "keywords": [
                "background",
                "job",
                "redis",
                "resque"
            ]
        },
        {
            "name": "colinmollenhour/credis",
            "version": "dev-master",
            "source": {
                "type": "git",
                "url": "https://github.com/colinmollenhour/credis.git",
                "reference": "d2bd88084be5a42874ce76069814b30e1ea0c75b"
            },
            "dist": {
                "type": "zip",
                "url": "https://api.github.com/repos/colinmollenhour/credis/zipball/d2bd88084be5a42874ce76069814b30e1ea0c75b",
                "reference": "d2bd88084be5a42874ce76069814b30e1ea0c75b",
                "shasum": ""
            },
            "require": {
                "php": ">=5.3.0"
            },
            "time": "2013-03-12 15:41:08",
            "type": "library",
            "autoload": {
                "classmap": [
                    "Client.php",
                    "Cluster.php"
                ]
            },
            "notification-url": "https://packagist.org/downloads/",
            "license": [
                "MIT"
            ],
            "authors": [
                {
                    "name": "Colin Mollenhour",
                    "email": "colin@mollenhour.com"
                }
            ],
            "description": "Credis is a lightweight interface to the Redis key-value store which wraps the phpredis library when available for better performance.",
            "homepage": "https://github.com/colinmollenhour/credis"
        },
        {
            "name": "composer/installers",
            "version": "dev-master",
            "source": {
                "type": "git",
                "url": "https://github.com/composer/installers.git",
                "reference": "v1.0.3"
            },
            "dist": {
                "type": "zip",
                "url": "https://api.github.com/repos/composer/installers/zipball/v1.0.3",
                "reference": "v1.0.3",
                "shasum": ""
            },
            "replace": {
                "shama/baton": "*"
            },
            "require-dev": {
                "composer/composer": "1.0.*@dev",
                "phpunit/phpunit": "3.7.*"
            },
            "time": "2013-03-02 22:45:58",
            "type": "composer-installer",
            "extra": {
                "class": "Composer\\Installers\\Installer",
                "branch-alias": {
                    "dev-master": "1.0-dev"
                }
            },
            "autoload": {
                "psr-0": {
                    "Composer\\Installers\\": "src/"
                }
            },
            "notification-url": "https://packagist.org/downloads/",
            "license": [
                "MIT"
            ],
            "authors": [
                {
                    "name": "Kyle Robinson Young",
                    "email": "kyle@dontkry.com",
                    "homepage": "http://dontkry.com",
                    "role": "Developer"
                }
            ],
            "description": "A multi-framework Composer library installer",
            "homepage": "http://composer.github.com/installers/",
            "keywords": [
                "TYPO3 Flow",
                "TYPO3 Neos",
                "agl",
                "cakephp",
                "codeigniter",
                "drupal",
                "fuelphp",
                "installer",
                "joomla",
                "kohana",
                "laravel",
                "li3",
                "lithium",
                "mako",
                "phpbb",
                "ppi",
                "silverstripe",
                "symfony",
                "wordpress",
                "yii",
                "zend"
            ]
        },
        {
            "name": "gitonomy/gitlib",
            "version": "dev-master",
            "source": {
                "type": "git",
                "url": "https://github.com/gitonomy/gitlib.git",
                "reference": "09d51b5c8ee8e62f17a36bde5e21129f00e43916"
            },
            "dist": {
                "type": "zip",
                "url": "https://api.github.com/repos/gitonomy/gitlib/zipball/09d51b5c8ee8e62f17a36bde5e21129f00e43916",
                "reference": "09d51b5c8ee8e62f17a36bde5e21129f00e43916",
                "shasum": ""
            },
            "require": {
                "symfony/process": "<3"
            },
            "require-dev": {
                "psr/log": ">=1.0,<2.0"
            },
            "suggest": {
                "psr/log": "Add some log"
            },
            "time": "2013-03-15 14:38:10",
            "type": "library",
            "autoload": {
                "psr-0": {
                    "Gitonomy\\Git": [
                        "src/",
                        "tests/"
                    ]
                }
            },
            "notification-url": "https://packagist.org/downloads/",
            "license": [
                "MIT"
            ],
            "authors": [
                {
                    "name": "Alexandre Salomé",
                    "email": "alexandre.salome@gmail.com",
                    "homepage": "http://alexandre-salome.fr"
                },
                {
                    "name": "Julien DIDIER",
                    "email": "genzo.wm@gmail.com",
                    "homepage": "http://www.jdidier.net"
                }
            ],
            "description": "Library for accessing git",
            "homepage": "http://gitonomy.com"
        },
        {
            "name": "silverstripe/framework",
            "version": "3.1.0-beta2",
            "source": {
                "type": "git",
                "url": "https://github.com/silverstripe/sapphire.git",
                "reference": "3.1.0-beta2"
            },
            "dist": {
                "type": "zip",
                "url": "https://api.github.com/repos/silverstripe/sapphire/zipball/3.1.0-beta2",
                "reference": "3.1.0-beta2",
                "shasum": ""
            },
            "require": {
                "composer/installers": "*",
                "php": ">=5.3.2"
            },
            "time": "2013-02-26 01:17:47",
            "type": "silverstripe-module",
            "autoload": {
                "classmap": [
                    "tests/behat/features/bootstrap"
                ]
            },
            "notification-url": "https://packagist.org/downloads/",
            "license": [
                "BSD-3-Clause"
            ],
            "authors": [
                {
                    "name": "SilverStripe",
                    "homepage": "http://silverstripe.com"
                },
                {
                    "name": "The SilverStripe Community",
                    "homepage": "http://silverstripe.org"
                }
            ],
            "description": "The SilverStripe framework",
            "homepage": "http://silverstripe.org",
            "keywords": [
                "framework",
                "silverstripe"
            ]
        },
        {
            "name": "stojg/silverstripe-resque",
            "version": "dev-master",
            "source": {
                "type": "git",
                "url": "https://github.com/stojg/silverstripe-resque.git",
                "reference": "3ab274b9f9f037df607eae57da80b631afc9dd8e"
            },
            "dist": {
                "type": "zip",
                "url": "https://api.github.com/repos/stojg/silverstripe-resque/zipball/3ab274b9f9f037df607eae57da80b631afc9dd8e",
                "reference": "3ab274b9f9f037df607eae57da80b631afc9dd8e",
                "shasum": ""
            },
            "require": {
                "chrisboulton/php-resque": ">=1.2"
            },
            "time": "2013-03-13 22:30:37",
            "type": "silverstripe-module",
            "notification-url": "https://packagist.org/downloads/",
            "license": [
                "BSD"
            ],
            "authors": [
                {
                    "name": "Stig Lindqvist",
                    "email": "stojg.lindqvist@gmail.com",
                    "homepage": "https://stojg.se/"
                }
            ],
            "description": "Wraps around the resque code for background jobss",
            "homepage": "http://github.com/stojg/silverstripe-resque",
            "keywords": [
                "redis",
                "silverstripe"
            ]
        },
        {
            "name": "symfony/process",
            "version": "dev-master",
            "target-dir": "Symfony/Component/Process",
            "source": {
                "type": "git",
                "url": "https://github.com/symfony/Process.git",
                "reference": "6ebe4ba544cfc0dd25bfe49402da4d5267ee1b43"
            },
            "dist": {
                "type": "zip",
                "url": "https://api.github.com/repos/symfony/Process/zipball/6ebe4ba544cfc0dd25bfe49402da4d5267ee1b43",
                "reference": "6ebe4ba544cfc0dd25bfe49402da4d5267ee1b43",
                "shasum": ""
            },
            "require": {
                "php": ">=5.3.3"
            },
            "time": "2013-02-18 21:28:20",
            "type": "library",
            "extra": {
                "branch-alias": {
                    "dev-master": "2.3-dev"
                }
            },
            "autoload": {
                "psr-0": {
                    "Symfony\\Component\\Process\\": ""
                }
            },
            "notification-url": "https://packagist.org/downloads/",
            "license": [
                "MIT"
            ],
            "authors": [
                {
                    "name": "Fabien Potencier",
                    "email": "fabien@symfony.com"
                },
                {
                    "name": "Symfony Community",
                    "homepage": "http://symfony.com/contributors"
                }
            ],
            "description": "Symfony Process Component",
            "homepage": "http://symfony.com"
        }
    ],
    "packages-dev": null,
    "aliases": [

    ],
    "minimum-stability": "dev",
    "stability-flags": {
        "silverstripe/framework": 10,
        "gitonomy/gitlib": 20
    }
}
